
Microsoft Visual Studio Solution File, Format Version 12.00
# Visual Studio 14
VisualStudioVersion = 14.0.25420.1
MinimumVisualStudioVersion = 10.0.40219.1
Project("{FAE04EC0-301F-11D3-BF4B-00C04F79EFBC}") = "TerraMediaTest", "TerraMediaTest\TerraMediaTest.csproj", "{4F40288E-51FC-449D-B898-08AA2A57C803}"
EndProject
Project("{FAE04EC0-301F-11D3-BF4B-00C04F79EFBC}") = "TerraMedia", "TerraMedia\TerraMedia.csproj", "{EB1BC312-DF8A-4EA1-A1C2-A2164147784F}"
EndProject
Global
	GlobalSection(SolutionConfigurationPlatforms) = preSolution
		Debug|Any CPU = Debug|Any CPU
		Release|Any CPU = Release|Any CPU
	EndGlobalSection
	GlobalSection(ProjectConfigurationPlatforms) = postSolution
		{4F40288E-51FC-449D-B898-08AA2A57C803}.Debug|Any CPU.ActiveCfg = Debug|Any CPU
		{4F40288E-51FC-449D-B898-08AA2A57C803}.Debug|Any CPU.Build.0 = Debug|Any CPU
		{4F40288E-51FC-449D-B898-08AA2A57C803}.Release|Any CPU.ActiveCfg = Release|Any CPU
		{4F40288E-51FC-449D-B898-08AA2A57C803}.Release|Any CPU.Build.0 = Release|Any CPU
		{EB1BC312-DF8A-4EA1-A1C2-A2164147784F}.Debug|Any CPU.ActiveCfg = Debug|Any CPU
		{EB1BC312-DF8A-4EA1-A1C2-A2164147784F}.Debug|Any CPU.Build.0 = Debug|Any CPU
		{EB1BC312-DF8A-4EA1-A1C2-A2164147784F}.Release|Any CPU.ActiveCfg = Release|Any CPU
		{EB1BC312-DF8A-4EA1-A1C2-A2164147784F}.Release|Any CPU.Build.0 = Release|Any CPU
	EndGlobalSection
	GlobalSection(SolutionProperties) = preSolution
		HideSolutionNode = FALSE
	EndGlobalSection
EndGlobal
